
Microsoft Visual Studio Solution File, Format Version 11.00
# Visual Studio 2010
Project("{F184B08F-C81C-45F6-A57F-5ABD9991F28F}") = "MAIWO Smart Backup", "MAIWO Smart Backup Professional\MAIWO Smart Backup.vbproj", "{1F8494C7-046D-43D1-92FF-EA3227A61D98}"
EndProject
Project("{54435603-DBB4-11D2-8724-00A0C9A8B90C}") = "Setup1", "Setup1\Setup1.vdproj", "{ED99BD4B-8121-496A-9608-78C4A26D6824}"
EndProject
Global
	GlobalSection(SolutionConfigurationPlatforms) = preSolution
		Debug|Any CPU = Debug|Any CPU
		Debug|Mixed Platforms = Debug|Mixed Platforms
		Debug|x86 = Debug|x86
		Release|Any CPU = Release|Any CPU
		Release|Mixed Platforms = Release|Mixed Platforms
		Release|x86 = Release|x86
	EndGlobalSection
	GlobalSection(ProjectConfigurationPlatforms) = postSolution
		{1F8494C7-046D-43D1-92FF-EA3227A61D98}.Debug|Any CPU.ActiveCfg = Debug|x86
		{1F8494C7-046D-43D1-92FF-EA3227A61D98}.Debug|Mixed Platforms.ActiveCfg = Debug|x86
		{1F8494C7-046D-43D1-92FF-EA3227A61D98}.Debug|Mixed Platforms.Build.0 = Debug|x86
		{1F8494C7-046D-43D1-92FF-EA3227A61D98}.Debug|x86.ActiveCfg = Debug|x86
		{1F8494C7-046D-43D1-92FF-EA3227A61D98}.Debug|x86.Build.0 = Debug|x86
		{1F8494C7-046D-43D1-92FF-EA3227A61D98}.Release|Any CPU.ActiveCfg = Release|x86
		{1F8494C7-046D-43D1-92FF-EA3227A61D98}.Release|Mixed Platforms.ActiveCfg = Release|x86
		{1F8494C7-046D-43D1-92FF-EA3227A61D98}.Release|Mixed Platforms.Build.0 = Release|x86
		{1F8494C7-046D-43D1-92FF-EA3227A61D98}.Release|x86.ActiveCfg = Release|x86
		{1F8494C7-046D-43D1-92FF-EA3227A61D98}.Release|x86.Build.0 = Release|x86
		{ED99BD4B-8121-496A-9608-78C4A26D6824}.Debug|Any CPU.ActiveCfg = Debug
		{ED99BD4B-8121-496A-9608-78C4A26D6824}.Debug|Mixed Platforms.ActiveCfg = Debug
		{ED99BD4B-8121-496A-9608-78C4A26D6824}.Debug|x86.ActiveCfg = Debug
		{ED99BD4B-8121-496A-9608-78C4A26D6824}.Release|Any CPU.ActiveCfg = Release
		{ED99BD4B-8121-496A-9608-78C4A26D6824}.Release|Mixed Platforms.ActiveCfg = Release
		{ED99BD4B-8121-496A-9608-78C4A26D6824}.Release|x86.ActiveCfg = Release
	EndGlobalSection
	GlobalSection(SolutionProperties) = preSolution
		HideSolutionNode = FALSE
	EndGlobalSection
EndGlobal
